
Microsoft Visual Studio Solution File, Format Version 12.00
# Visual Studio Version 17
VisualStudioVersion = 17.14.36518.9 d17.14
MinimumVisualStudioVersion = 10.0.40219.1
Project("{FAE04EC0-301F-11D3-BF4B-00C04F79EFBC}") = "WebAppAPIPatchExample", "WebAppAPIPatchExample\WebAppAPIPatchExample.csproj", "{FAAE94D8-78EA-46BF-90D2-D39E2C5A0ECB}"
EndProject
Global
	GlobalSection(SolutionConfigurationPlatforms) = preSolution
		Debug|Any CPU = Debug|Any CPU
		Release|Any CPU = Release|Any CPU
	EndGlobalSection
	GlobalSection(ProjectConfigurationPlatforms) = postSolution
		{FAAE94D8-78EA-46BF-90D2-D39E2C5A0ECB}.Debug|Any CPU.ActiveCfg = Debug|Any CPU
		{FAAE94D8-78EA-46BF-90D2-D39E2C5A0ECB}.Debug|Any CPU.Build.0 = Debug|Any CPU
		{FAAE94D8-78EA-46BF-90D2-D39E2C5A0ECB}.Release|Any CPU.ActiveCfg = Release|Any CPU
		{FAAE94D8-78EA-46BF-90D2-D39E2C5A0ECB}.Release|Any CPU.Build.0 = Release|Any CPU
	EndGlobalSection
	GlobalSection(SolutionProperties) = preSolution
		HideSolutionNode = FALSE
	EndGlobalSection
	GlobalSection(ExtensibilityGlobals) = postSolution
		SolutionGuid = {5E93C320-11AF-4B06-8B3A-8D98E7E47290}
	EndGlobalSection
EndGlobal
